// !$*UTF8*$!
{
	archiveVersion = 1;
	classes = {
	};
	objectVersion = 46;
	objects = {

/* Begin PBXBuildFile section */
		57FC1A8E1AC34A88007B8CCB /* AppDelegate.swift in Sources */ = {isa = PBXBuildFile; fileRef = 57FC1A8D1AC34A88007B8CCB /* AppDelegate.swift */; };
		57FC1A901AC34A88007B8CCB /* ViewController.swift in Sources */ = {isa = PBXBuildFile; fileRef = 57FC1A8F1AC34A88007B8CCB /* ViewController.swift */; };
		57FC1A931AC34A88007B8CCB /* Main.storyboard in Resources */ = {isa = PBXBuildFile; fileRef = 57FC1A911AC34A88007B8CCB /* Main.storyboard */; };
		57FC1A951AC34A88007B8CCB /* Images.xcassets in Resources */ = {isa = PBXBuildFile; fileRef = 57FC1A941AC34A88007B8CCB /* Images.xcassets */; };
		57FC1A981AC34A88007B8CCB /* LaunchScreen.xib in Resources */ = {isa = PBXBuildFile; fileRef = 57FC1A961AC34A88007B8CCB /* LaunchScreen.xib */; };
		57FC1AA41AC34A88007B8CCB /* NP_01_PostcardTests.swift in Sources */ = {isa = PBXBuildFile; fileRef = 57FC1AA31AC34A88007B8CCB /* NP_01_PostcardTests.swift */; };
		57FC1AAE1AC35A99007B8CCB /* Bo.jpg in Resources */ = {isa = PBXBuildFile; fileRef = 57FC1AAD1AC35A99007B8CCB /* Bo.jpg */; };
		57FC1AB01AC35F00007B8CCB /* JRT.jpg in Resources */ = {isa = PBXBuildFile; fileRef = 57FC1AAF1AC35F00007B8CCB /* JRT.jpg */; };
/* End PBXBuildFile section */

/* Begin PBXContainerItemProxy section */
		57FC1A9E1AC34A88007B8CCB /* PBXContainerItemProxy */ = {
			isa = PBXContainerItemProxy;
			containerPortal = 57FC1A801AC34A88007B8CCB /* Project object */;
			proxyType = 1;
			remoteGlobalIDString = 57FC1A871AC34A88007B8CCB;
			remoteInfo = "NP 01 Postcard";
		};
/* End PBXContainerItemProxy section */

/* Begin PBXFileReference section */
		57FC1A881AC34A88007B8CCB /* NP 01 Postcard.app */ = {isa = PBXFileReference; explicitFileType = wrapper.application; includeInIndex = 0; path = "NP 01 Postcard.app"; sourceTree = BUILT_PRODUCTS_DIR; };
		57FC1A8C1AC34A88007B8CCB /* Info.plist */ = {isa = PBXFileReference; lastKnownFileType = text.plist.xml; path = Info.plist; sourceTree = "<group>"; };
		57FC1A8D1AC34A88007B8CCB /* AppDelegate.swift */ = {isa = PBXFileReference; lastKnownFileType = sourcecode.swift; path = AppDelegate.swift; sourceTree = "<group>"; };
		57FC1A8F1AC34A88007B8CCB /* ViewController.swift */ = {isa = PBXFileReference; lastKnownFileType = sourcecode.swift; path = ViewController.swift; sourceTree = "<group>"; };
		57FC1A921AC34A88007B8CCB /* Base */ = {isa = PBXFileReference; lastKnownFileType = file.storyboard; name = Base; path = Base.lproj/Main.storyboard; sourceTree = "<group>"; };
		57FC1A941AC34A88007B8CCB /* Images.xcassets */ = {isa = PBXFileReference; lastKnownFileType = folder.assetcatalog; path = Images.xcassets; sourceTree = "<group>"; };
		57FC1A971AC34A88007B8CCB /* Base */ = {isa = PBXFileReference; lastKnownFileType = file.xib; name = Base; path = Base.lproj/LaunchScreen.xib; sourceTree = "<group>"; };
		57FC1A9D1AC34A88007B8CCB /* NP 01 PostcardTests.xctest */ = {isa = PBXFileReference; explicitFileType = wrapper.cfbundle; includeInIndex = 0; path = "NP 01 PostcardTests.xctest"; sourceTree = BUILT_PRODUCTS_DIR; };
		57FC1AA21AC34A88007B8CCB /* Info.plist */ = {isa = PBXFileReference; lastKnownFileType = text.plist.xml; path = Info.plist; sourceTree = "<group>"; };
		57FC1AA31AC34A88007B8CCB /* NP_01_PostcardTests.swift */ = {isa = PBXFileReference; lastKnownFileType = sourcecode.swift; path = NP_01_PostcardTests.swift; sourceTree = "<group>"; };
		57FC1AAD1AC35A99007B8CCB /* Bo.jpg */ = {isa = PBXFileReference; lastKnownFileType = image.jpeg; path = Bo.jpg; sourceTree = "<group>"; };
		57FC1AAF1AC35F00007B8CCB /* JRT.jpg */ = {isa = PBXFileReference; lastKnownFileType = image.jpeg; path = JRT.jpg; sourceTree = "<group>"; };
/* End PBXFileReference section */

/* Begin PBXFrameworksBuildPhase section */
		57FC1A851AC34A88007B8CCB /* Frameworks */ = {
			isa = PBXFrameworksBuildPhase;
			buildActionMask = 2147483647;
			files = (
			);
			runOnlyForDeploymentPostprocessing = 0;
		};
		57FC1A9A1AC34A88007B8CCB /* Frameworks */ = {
			isa = PBXFrameworksBuildPhase;
			buildActionMask = 2147483647;
			files = (
			);
			runOnlyForDeploymentPostprocessing = 0;
		};
/* End PBXFrameworksBuildPhase section */

/* Begin PBXGroup section */
		57FC1A7F1AC34A88007B8CCB = {
			isa = PBXGroup;
			children = (
				57FC1A8A1AC34A88007B8CCB /* NP 01 Postcard */,
				57FC1AA01AC34A88007B8CCB /* NP 01 PostcardTests */,
				57FC1A891AC34A88007B8CCB /* Products */,
			);
			sourceTree = "<group>";
		};
		57FC1A891AC34A88007B8CCB /* Products */ = {
			isa = PBXGroup;
			children = (
				57FC1A881AC34A88007B8CCB /* NP 01 Postcard.app */,
				57FC1A9D1AC34A88007B8CCB /* NP 01 PostcardTests.xctest */,
			);
			name = Products;
			sourceTree = "<group>";
		};
		57FC1A8A1AC34A88007B8CCB /* NP 01 Postcard */ = {
			isa = PBXGroup;
			children = (
				57FC1A8D1AC34A88007B8CCB /* AppDelegate.swift */,
				57FC1A8F1AC34A88007B8CCB /* ViewController.swift */,
				57FC1A911AC34A88007B8CCB /* Main.storyboard */,
				57FC1A941AC34A88007B8CCB /* Images.xcassets */,
				57FC1A961AC34A88007B8CCB /* LaunchScreen.xib */,
				57FC1A8B1AC34A88007B8CCB /* Supporting Files */,
			);
			path = "NP 01 Postcard";
			sourceTree = "<group>";
		};
		57FC1A8B1AC34A88007B8CCB /* Supporting Files */ = {
			isa = PBXGroup;
			children = (
				57FC1AAF1AC35F00007B8CCB /* JRT.jpg */,
				57FC1AAD1AC35A99007B8CCB /* Bo.jpg */,
				57FC1A8C1AC34A88007B8CCB /* Info.plist */,
			);
			name = "Supporting Files";
			sourceTree = "<group>";
		};
		57FC1AA01AC34A88007B8CCB /* NP 01 PostcardTests */ = {
			isa = PBXGroup;
			children = (
				57FC1AA31AC34A88007B8CCB /* NP_01_PostcardTests.swift */,
				57FC1AA11AC34A88007B8CCB /* Supporting Files */,
			);
			path = "NP 01 PostcardTests";
			sourceTree = "<group>";
		};
		57FC1AA11AC34A88007B8CCB /* Supporting Files */ = {
			isa = PBXGroup;
			children = (
				57FC1AA21AC34A88007B8CCB /* Info.plist */,
			);
			name = "Supporting Files";
			sourceTree = "<group>";
		};
/* End PBXGroup section */

/* Begin PBXNativeTarget section */
		57FC1A871AC34A88007B8CCB /* NP 01 Postcard */ = {
			isa = PBXNativeTarget;
			buildConfigurationList = 57FC1AA71AC34A88007B8CCB /* Build configuration list for PBXNativeTarget "NP 01 Postcard" */;
			buildPhases = (
				57FC1A841AC34A88007B8CCB /* Sources */,
				57FC1A851AC34A88007B8CCB /* Frameworks */,
				57FC1A861AC34A88007B8CCB /* Resources */,
			);
			buildRules = (
			);
			dependencies = (
			);
			name = "NP 01 Postcard";
			productName = "NP 01 Postcard";
			productReference = 57FC1A881AC34A88007B8CCB /* NP 01 Postcard.app */;
			productType = "com.apple.product-type.application";
		};
		57FC1A9C1AC34A88007B8CCB /* NP 01 PostcardTests */ = {
			isa = PBXNativeTarget;
			buildConfigurationList = 57FC1AAA1AC34A88007B8CCB /* Build configuration list for PBXNativeTarget "NP 01 PostcardTests" */;
			buildPhases = (
				57FC1A991AC34A88007B8CCB /* Sources */,
				57FC1A9A1AC34A88007B8CCB /* Frameworks */,
				57FC1A9B1AC34A88007B8CCB /* Resources */,
			);
			buildRules = (
			);
			dependencies = (
				57FC1A9F1AC34A88007B8CCB /* PBXTargetDependency */,
			);
			name = "NP 01 PostcardTests";
			productName = "NP 01 PostcardTests";
			productReference = 57FC1A9D1AC34A88007B8CCB /* NP 01 PostcardTests.xctest */;
			productType = "com.apple.product-type.bundle.unit-test";
		};
/* End PBXNativeTarget section */

/* Begin PBXProject section */
		57FC1A801AC34A88007B8CCB /* Project object */ = {
			isa = PBXProject;
			attributes = {
				LastUpgradeCheck = 0610;
				ORGANIZATIONNAME = Busyleaf;
				TargetAttributes = {
					57FC1A871AC34A88007B8CCB = {
						CreatedOnToolsVersion = 6.1.1;
					};
					57FC1A9C1AC34A88007B8CCB = {
						CreatedOnToolsVersion = 6.1.1;
						TestTargetID = 57FC1A871AC34A88007B8CCB;
					};
				};
			};
			buildConfigurationList = 57FC1A831AC34A88007B8CCB /* Build configuration list for PBXProject "NP 01 Postcard" */;
			compatibilityVersion = "Xcode 3.2";
			developmentRegion = English;
			hasScannedForEncodings = 0;
			knownRegions = (
				en,
				Base,
			);
			mainGroup = 57FC1A7F1AC34A88007B8CCB;
			productRefGroup = 57FC1A891AC34A88007B8CCB /* Products */;
			projectDirPath = "";
			projectRoot = "";
			targets = (
				57FC1A871AC34A88007B8CCB /* NP 01 Postcard */,
				57FC1A9C1AC34A88007B8CCB /* NP 01 PostcardTests */,
			);
		};
/* End PBXProject section */

/* Begin PBXResourcesBuildPhase section */
		57FC1A861AC34A88007B8CCB /* Resources */ = {
			isa = PBXResourcesBuildPhase;
			buildActionMask = 2147483647;
			files = (
				57FC1A931AC34A88007B8CCB /* Main.storyboard in Resources */,
				57FC1A981AC34A88007B8CCB /* LaunchScreen.xib in Resources */,
				57FC1AB01AC35F00007B8CCB /* JRT.jpg in Resources */,
				57FC1AAE1AC35A99007B8CCB /* Bo.jpg in Resources */,
				57FC1A951AC34A88007B8CCB /* Images.xcassets in Resources */,
			);
			runOnlyForDeploymentPostprocessing = 0;
		};
		57FC1A9B1AC34A88007B8CCB /* Resources */ = {
			isa = PBXResourcesBuildPhase;
			buildActionMask = 2147483647;
			files = (
			);
			runOnlyForDeploymentPostprocessing = 0;
		};
/* End PBXResourcesBuildPhase section */

/* Begin PBXSourcesBuildPhase section */
		57FC1A841AC34A88007B8CCB /* Sources */ = {
			isa = PBXSourcesBuildPhase;
			buildActionMask = 2147483647;
			files = (
				57FC1A901AC34A88007B8CCB /* ViewController.swift in Sources */,
				57FC1A8E1AC34A88007B8CCB /* AppDelegate.swift in Sources */,
			);
			runOnlyForDeploymentPostprocessing = 0;
		};
		57FC1A991AC34A88007B8CCB /* Sources */ = {
			isa = PBXSourcesBuildPhase;
			buildActionMask = 2147483647;
			files = (
				57FC1AA41AC34A88007B8CCB /* NP_01_PostcardTests.swift in Sources */,
			);
			runOnlyForDeploymentPostprocessing = 0;
		};
/* End PBXSourcesBuildPhase section */

/* Begin PBXTargetDependency section */
		57FC1A9F1AC34A88007B8CCB /* PBXTargetDependency */ = {
			isa = PBXTargetDependency;
			target = 57FC1A871AC34A88007B8CCB /* NP 01 Postcard */;
			targetProxy = 57FC1A9E1AC34A88007B8CCB /* PBXContainerItemProxy */;
		};
/* End PBXTargetDependency section */

/* Begin PBXVariantGroup section */
		57FC1A911AC34A88007B8CCB /* Main.storyboard */ = {
			isa = PBXVariantGroup;
			children = (
				57FC1A921AC34A88007B8CCB /* Base */,
			);
			name = Main.storyboard;
			sourceTree = "<group>";
		};
		57FC1A961AC34A88007B8CCB /* LaunchScreen.xib */ = {
			isa = PBXVariantGroup;
			children = (
				57FC1A971AC34A88007B8CCB /* Base */,
			);
			name = LaunchScreen.xib;
			sourceTree = "<group>";
		};
/* End PBXVariantGroup section */

/* Begin XCBuildConfiguration section */
		57FC1AA51AC34A88007B8CCB /* Debug */ = {
			isa = XCBuildConfiguration;
			buildSettings = {
				ALWAYS_SEARCH_USER_PATHS = NO;
				CLANG_CXX_LANGUAGE_STANDARD = "gnu++0x";
				CLANG_CXX_LIBRARY = "libc++";
				CLANG_ENABLE_MODULES = YES;
				CLANG_ENABLE_OBJC_ARC = YES;
				CLANG_WARN_BOOL_CONVERSION = YES;
				CLANG_WARN_CONSTANT_CONVERSION = YES;
				CLANG_WARN_DIRECT_OBJC_ISA_USAGE = YES_ERROR;
				CLANG_WARN_EMPTY_BODY = YES;
				CLANG_WARN_ENUM_CONVERSION = YES;
				CLANG_WARN_INT_CONVERSION = YES;
				CLANG_WARN_OBJC_ROOT_CLASS = YES_ERROR;
				CLANG_WARN_UNREACHABLE_CODE = YES;
				CLANG_WARN__DUPLICATE_METHOD_MATCH = YES;
				"CODE_SIGN_IDENTITY[sdk=iphoneos*]" = "iPhone Developer";
				COPY_PHASE_STRIP = NO;
				ENABLE_STRICT_OBJC_MSGSEND = YES;
				GCC_C_LANGUAGE_STANDARD = gnu99;
				GCC_DYNAMIC_NO_PIC = NO;
				GCC_OPTIMIZATION_LEVEL = 0;
				GCC_PREPROCESSOR_DEFINITIONS = (
					"DEBUG=1",
					"$(inherited)",
				);
				GCC_SYMBOLS_PRIVATE_EXTERN = NO;
				GCC_WARN_64_TO_32_BIT_CONVERSION = YES;
				GCC_WARN_ABOUT_RETURN_TYPE = YES_ERROR;
				GCC_WARN_UNDECLARED_SELECTOR = YES;
				GCC_WARN_UNINITIALIZED_AUTOS = YES_AGGRESSIVE;
				GCC_WARN_UNUSED_FUNCTION = YES;
				GCC_WARN_UNUSED_VARIABLE = YES;
				IPHONEOS_DEPLOYMENT_TARGET = 8.1;
				MTL_ENABLE_DEBUG_INFO = YES;
				ONLY_ACTIVE_ARCH = YES;
				SDKROOT = iphoneos;
				SWIFT_OPTIMIZATION_LEVEL = "-Onone";
				TARGETED_DEVICE_FAMILY = "1,2";
			};
			name = Debug;
		};
		57FC1AA61AC34A88007B8CCB /* Release */ = {
			isa = XCBuildConfiguration;
			buildSettings = {
				ALWAYS_SEARCH_USER_PATHS = NO;
				CLANG_CXX_LANGUAGE_STANDARD = "gnu++0x";
				CLANG_CXX_LIBRARY = "libc++";
				CLANG_ENABLE_MODULES = YES;
				CLANG_ENABLE_OBJC_ARC = YES;
				CLANG_WARN_BOOL_CONVERSION = YES;
				CLANG_WARN_CONSTANT_CONVERSION = YES;
				CLANG_WARN_DIRECT_OBJC_ISA_USAGE = YES_ERROR;
				CLANG_WARN_EMPTY_BODY = YES;
				CLANG_WARN_ENUM_CONVERSION = YES;
				CLANG_WARN_INT_CONVERSION = YES;
				CLANG_WARN_OBJC_ROOT_CLASS = YES_ERROR;
				CLANG_WARN_UNREACHABLE_CODE = YES;
				CLANG_WARN__DUPLICATE_METHOD_MATCH = YES;
				"CODE_SIGN_IDENTITY[sdk=iphoneos*]" = "iPhone Developer";
				COPY_PHASE_STRIP = YES;
				ENABLE_NS_ASSERTIONS = NO;
				ENABLE_STRICT_OBJC_MSGSEND = YES;
				GCC_C_LANGUAGE_STANDARD = gnu99;
				GCC_WARN_64_TO_32_BIT_CONVERSION = YES;
				GCC_WARN_ABOUT_RETURN_TYPE = YES_ERROR;
				GCC_WARN_UNDECLARED_SELECTOR = YES;
				GCC_WARN_UNINITIALIZED_AUTOS = YES_AGGRESSIVE;
				GCC_WARN_UNUSED_FUNCTION = YES;
				GCC_WARN_UNUSED_VARIABLE = YES;
				IPHONEOS_DEPLOYMENT_TARGET = 8.1;
				MTL_ENABLE_DEBUG_INFO = NO;
				SDKROOT = iphoneos;
				TARGETED_DEVICE_FAMILY = "1,2";
				VALIDATE_PRODUCT = YES;
			};
			name = Release;
		};
		57FC1AA81AC34A88007B8CCB /* Debug */ = {
			isa = XCBuildConfiguration;
			buildSettings = {
				ASSETCATALOG_COMPILER_APPICON_NAME = AppIcon;
				INFOPLIST_FILE = "NP 01 Postcard/Info.plist";
				LD_RUNPATH_SEARCH_PATHS = "$(inherited) @executable_path/Frameworks";
				PRODUCT_NAME = "$(TARGET_NAME)";
			};
			name = Debug;
		};
		57FC1AA91AC34A88007B8CCB /* Release */ = {
			isa = XCBuildConfiguration;
			buildSettings = {
				ASSETCATALOG_COMPILER_APPICON_NAME = AppIcon;
				INFOPLIST_FILE = "NP 01 Postcard/Info.plist";
				LD_RUNPATH_SEARCH_PATHS = "$(inherited) @executable_path/Frameworks";
				PRODUCT_NAME = "$(TARGET_NAME)";
			};
			name = Release;
		};
		57FC1AAB1AC34A88007B8CCB /* Debug */ = {
			isa = XCBuildConfiguration;
			buildSettings = {
				BUNDLE_LOADER = "$(TEST_HOST)";
				FRAMEWORK_SEARCH_PATHS = (
					"$(SDKROOT)/Developer/Library/Frameworks",
					"$(inherited)",
				);
				GCC_PREPROCESSOR_DEFINITIONS = (
					"DEBUG=1",
					"$(inherited)",
				);
				INFOPLIST_FILE = "NP 01 PostcardTests/Info.plist";
				LD_RUNPATH_SEARCH_PATHS = "$(inherited) @executable_path/Frameworks @loader_path/Frameworks";
				PRODUCT_NAME = "$(TARGET_NAME)";
				TEST_HOST = "$(BUILT_PRODUCTS_DIR)/NP 01 Postcard.app/NP 01 Postcard";
			};
			name = Debug;
		};
		57FC1AAC1AC34A88007B8CCB /* Release */ = {
			isa = XCBuildConfiguration;
			buildSettings = {
				BUNDLE_LOADER = "$(TEST_HOST)";
				FRAMEWORK_SEARCH_PATHS = (
					"$(SDKROOT)/Developer/Library/Frameworks",
					"$(inherited)",
				);
				INFOPLIST_FILE = "NP 01 PostcardTests/Info.plist";
				LD_RUNPATH_SEARCH_PATHS = "$(inherited) @executable_path/Frameworks @loader_path/Frameworks";
				PRODUCT_NAME = "$(TARGET_NAME)";
				TEST_HOST = "$(BUILT_PRODUCTS_DIR)/NP 01 Postcard.app/NP 01 Postcard";
			};
			name = Release;
		};
/* End XCBuildConfiguration section */

/* Begin XCConfigurationList section */
		57FC1A831AC34A88007B8CCB /* Build configuration list for PBXProject "NP 01 Postcard" */ = {
			isa = XCConfigurationList;
			buildConfigurations = (
				57FC1AA51AC34A88007B8CCB /* Debug */,
				57FC1AA61AC34A88007B8CCB /* Release */,
			);
			defaultConfigurationIsVisible = 0;
			defaultConfigurationName = Release;
		};
		57FC1AA71AC34A88007B8CCB /* Build configuration list for PBXNativeTarget "NP 01 Postcard" */ = {
			isa = XCConfigurationList;
			buildConfigurations = (
				57FC1AA81AC34A88007B8CCB /* Debug */,
				57FC1AA91AC34A88007B8CCB /* Release */,
			);
			defaultConfigurationIsVisible = 0;
		};
		57FC1AAA1AC34A88007B8CCB /* Build configuration list for PBXNativeTarget "NP 01 PostcardTests" */ = {
			isa = XCConfigurationList;
			buildConfigurations = (
				57FC1AAB1AC34A88007B8CCB /* Debug */,
				57FC1AAC1AC34A88007B8CCB /* Release */,
			);
			defaultConfigurationIsVisible = 0;
		};
/* End XCConfigurationList section */
	};
	rootObject = 57FC1A801AC34A88007B8CCB /* Project object */;
}
